// !$*UTF8*$!
{
	archiveVersion = 1;
	classes = {
	};
	objectVersion = 50;
	objects = {

/* Begin PBXBuildFile section */
		B63871CA225D3B6E00BAE0D9 /* Setting.swift in Sources */ = {isa = PBXBuildFile; fileRef = B63871C9225D3B6E00BAE0D9 /* Setting.swift */; };
		B63871CC225D3FBB00BAE0D9 /* SettingsTableViewCell.swift in Sources */ = {isa = PBXBuildFile; fileRef = B63871CB225D3FBB00BAE0D9 /* SettingsTableViewCell.swift */; };
		B652BD66225810440066AD8A /* PurchaseTableViewCell.swift in Sources */ = {isa = PBXBuildFile; fileRef = B652BD65225810440066AD8A /* PurchaseTableViewCell.swift */; };
		B674FB0822580BD3000A5815 /* LedgerController.swift in Sources */ = {isa = PBXBuildFile; fileRef = B674FB0722580BD3000A5815 /* LedgerController.swift */; };
		B681ED94225BA2E000B64623 /* Category+convenience.swift in Sources */ = {isa = PBXBuildFile; fileRef = B681ED93225BA2E000B64623 /* Category+convenience.swift */; };
		B681ED96225BA32800B64623 /* Category+MagicStrings.swift in Sources */ = {isa = PBXBuildFile; fileRef = B681ED95225BA32800B64623 /* Category+MagicStrings.swift */; };
		B691DACF225BB73E00245BB2 /* UIViewController+Alerts.swift in Sources */ = {isa = PBXBuildFile; fileRef = B691DACE225BB73E00245BB2 /* UIViewController+Alerts.swift */; };
		B6920AD1223045D000A63EC8 /* SyncController.swift in Sources */ = {isa = PBXBuildFile; fileRef = B6920AD0223045D000A63EC8 /* SyncController.swift */; };
		B69D87F5225554D60019E694 /* Main.storyboard in Resources */ = {isa = PBXBuildFile; fileRef = B69D87F4225554D60019E694 /* Main.storyboard */; };
		B69D87F722555CD60019E694 /* PurchaseListViewController.swift in Sources */ = {isa = PBXBuildFile; fileRef = B69D87F622555CD60019E694 /* PurchaseListViewController.swift */; };
		B69D87F922555CEC0019E694 /* AddPurchaseViewController.swift in Sources */ = {isa = PBXBuildFile; fileRef = B69D87F822555CEC0019E694 /* AddPurchaseViewController.swift */; };
		B6A7E2242255136C0078174E /* Ledger+convenience.swift in Sources */ = {isa = PBXBuildFile; fileRef = B6A7E2232255136C0078174E /* Ledger+convenience.swift */; };
		B6BF9FD3222F160300DFCE8C /* AppDelegate.swift in Sources */ = {isa = PBXBuildFile; fileRef = B6BF9FD2222F160300DFCE8C /* AppDelegate.swift */; };
		B6BF9FDA222F160700DFCE8C /* Assets.xcassets in Resources */ = {isa = PBXBuildFile; fileRef = B6BF9FD9222F160700DFCE8C /* Assets.xcassets */; };
		B6BF9FDD222F160700DFCE8C /* LaunchScreen.storyboard in Resources */ = {isa = PBXBuildFile; fileRef = B6BF9FDB222F160700DFCE8C /* LaunchScreen.storyboard */; };
		B6BF9FE8222F187600DFCE8C /* CheckBook.xcdatamodeld in Sources */ = {isa = PBXBuildFile; fileRef = B6BF9FE6222F187600DFCE8C /* CheckBook.xcdatamodeld */; };
		B6BF9FEE222F257300DFCE8C /* CoreDataStack.swift in Sources */ = {isa = PBXBuildFile; fileRef = B6BF9FED222F257300DFCE8C /* CoreDataStack.swift */; };
		B6BF9FF0222F266100DFCE8C /* Purchase+convenience.swift in Sources */ = {isa = PBXBuildFile; fileRef = B6BF9FEF222F266100DFCE8C /* Purchase+convenience.swift */; };
		B6BF9FF2222F315D00DFCE8C /* Purchase+MagicStrings.swift in Sources */ = {isa = PBXBuildFile; fileRef = B6BF9FF1222F315D00DFCE8C /* Purchase+MagicStrings.swift */; };
		B6BF9FF5222F322300DFCE8C /* CloudKit.framework in Frameworks */ = {isa = PBXBuildFile; fileRef = B6BF9FF4222F322300DFCE8C /* CloudKit.framework */; };
		B6BF9FF7222F3FDA00DFCE8C /* PurchaseController.swift in Sources */ = {isa = PBXBuildFile; fileRef = B6BF9FF6222F3FDA00DFCE8C /* PurchaseController.swift */; };
		B6C87A7C225D38CB00086F3B /* SettingsViewController.swift in Sources */ = {isa = PBXBuildFile; fileRef = B6C87A7B225D38CA00086F3B /* SettingsViewController.swift */; };
		B6D7D3C4225E4934005EF44C /* Notification+Extension.swift in Sources */ = {isa = PBXBuildFile; fileRef = B6D7D3C3225E4934005EF44C /* Notification+Extension.swift */; };
		B6DE00AF223030F400C76A40 /* CoreDataController.swift in Sources */ = {isa = PBXBuildFile; fileRef = B6DE00AE223030F400C76A40 /* CoreDataController.swift */; };
		B6DE00B12230345600C76A40 /* CloudKitController.swift in Sources */ = {isa = PBXBuildFile; fileRef = B6DE00B02230345600C76A40 /* CloudKitController.swift */; };
		B6E3329F2234CAD80088D6FF /* PurchaseMethod+convenience.swift in Sources */ = {isa = PBXBuildFile; fileRef = B6E3329E2234CAD80088D6FF /* PurchaseMethod+convenience.swift */; };
		B6E332A12234CBFB0088D6FF /* PurchaseMethod+MagicStrings.swift in Sources */ = {isa = PBXBuildFile; fileRef = B6E332A02234CBFA0088D6FF /* PurchaseMethod+MagicStrings.swift */; };
		B6E332A42234CD5F0088D6FF /* PurchaseMethodController.swift in Sources */ = {isa = PBXBuildFile; fileRef = B6E332A32234CD5F0088D6FF /* PurchaseMethodController.swift */; };
		B6EA85C122322C8900211068 /* CachePurchase+convenience.swift in Sources */ = {isa = PBXBuildFile; fileRef = B6EA85C022322C8900211068 /* CachePurchase+convenience.swift */; };
		B6EA85C322323B7A00211068 /* CachePurchase+MagicStrings.swift in Sources */ = {isa = PBXBuildFile; fileRef = B6EA85C222323B7A00211068 /* CachePurchase+MagicStrings.swift */; };
		B6EA85F3223316C200211068 /* CloudKitController+MagicStrings.swift in Sources */ = {isa = PBXBuildFile; fileRef = B6EA85F2223316C200211068 /* CloudKitController+MagicStrings.swift */; };
		B6EAF4EE225BA453002C783D /* CategoryController.swift in Sources */ = {isa = PBXBuildFile; fileRef = B6EAF4ED225BA453002C783D /* CategoryController.swift */; };
		B6EF3BED225514340009BC2A /* Ledger+MagicStrings.swift in Sources */ = {isa = PBXBuildFile; fileRef = B6EF3BEC225514340009BC2A /* Ledger+MagicStrings.swift */; };
/* End PBXBuildFile section */

/* Begin PBXFileReference section */
		B63871C9225D3B6E00BAE0D9 /* Setting.swift */ = {isa = PBXFileReference; lastKnownFileType = sourcecode.swift; path = Setting.swift; sourceTree = "<group>"; };
		B63871CB225D3FBB00BAE0D9 /* SettingsTableViewCell.swift */ = {isa = PBXFileReference; lastKnownFileType = sourcecode.swift; path = SettingsTableViewCell.swift; sourceTree = "<group>"; };
		B652BD65225810440066AD8A /* PurchaseTableViewCell.swift */ = {isa = PBXFileReference; lastKnownFileType = sourcecode.swift; path = PurchaseTableViewCell.swift; sourceTree = "<group>"; };
		B674FB0722580BD3000A5815 /* LedgerController.swift */ = {isa = PBXFileReference; lastKnownFileType = sourcecode.swift; path = LedgerController.swift; sourceTree = "<group>"; };
		B681ED93225BA2E000B64623 /* Category+convenience.swift */ = {isa = PBXFileReference; lastKnownFileType = sourcecode.swift; path = "Category+convenience.swift"; sourceTree = "<group>"; };
		B681ED95225BA32800B64623 /* Category+MagicStrings.swift */ = {isa = PBXFileReference; lastKnownFileType = sourcecode.swift; path = "Category+MagicStrings.swift"; sourceTree = "<group>"; };
		B691DACE225BB73E00245BB2 /* UIViewController+Alerts.swift */ = {isa = PBXFileReference; lastKnownFileType = sourcecode.swift; path = "UIViewController+Alerts.swift"; sourceTree = "<group>"; };
		B6920AD0223045D000A63EC8 /* SyncController.swift */ = {isa = PBXFileReference; lastKnownFileType = sourcecode.swift; path = SyncController.swift; sourceTree = "<group>"; };
		B69D87F4225554D60019E694 /* Main.storyboard */ = {isa = PBXFileReference; lastKnownFileType = file.storyboard; path = Main.storyboard; sourceTree = "<group>"; };
		B69D87F622555CD60019E694 /* PurchaseListViewController.swift */ = {isa = PBXFileReference; lastKnownFileType = sourcecode.swift; path = PurchaseListViewController.swift; sourceTree = "<group>"; };
		B69D87F822555CEC0019E694 /* AddPurchaseViewController.swift */ = {isa = PBXFileReference; lastKnownFileType = sourcecode.swift; path = AddPurchaseViewController.swift; sourceTree = "<group>"; };
		B6A7E2232255136C0078174E /* Ledger+convenience.swift */ = {isa = PBXFileReference; lastKnownFileType = sourcecode.swift; path = "Ledger+convenience.swift"; sourceTree = "<group>"; };
		B6BF9FCF222F160300DFCE8C /* CheckBook.app */ = {isa = PBXFileReference; explicitFileType = wrapper.application; includeInIndex = 0; path = CheckBook.app; sourceTree = BUILT_PRODUCTS_DIR; };
		B6BF9FD2222F160300DFCE8C /* AppDelegate.swift */ = {isa = PBXFileReference; lastKnownFileType = sourcecode.swift; path = AppDelegate.swift; sourceTree = "<group>"; };
		B6BF9FD9222F160700DFCE8C /* Assets.xcassets */ = {isa = PBXFileReference; lastKnownFileType = folder.assetcatalog; path = Assets.xcassets; sourceTree = "<group>"; };
		B6BF9FDC222F160700DFCE8C /* Base */ = {isa = PBXFileReference; lastKnownFileType = file.storyboard; name = Base; path = Base.lproj/LaunchScreen.storyboard; sourceTree = "<group>"; };
		B6BF9FDE222F160700DFCE8C /* Info.plist */ = {isa = PBXFileReference; lastKnownFileType = text.plist.xml; path = Info.plist; sourceTree = "<group>"; };
		B6BF9FE7222F187600DFCE8C /* Entry.xcdatamodel */ = {isa = PBXFileReference; lastKnownFileType = wrapper.xcdatamodel; path = Entry.xcdatamodel; sourceTree = "<group>"; };
		B6BF9FEC222F236E00DFCE8C /* CheckBook.entitlements */ = {isa = PBXFileReference; lastKnownFileType = text.plist.entitlements; path = CheckBook.entitlements; sourceTree = "<group>"; };
		B6BF9FED222F257300DFCE8C /* CoreDataStack.swift */ = {isa = PBXFileReference; fileEncoding = 4; lastKnownFileType = sourcecode.swift; path = CoreDataStack.swift; sourceTree = "<group>"; };
		B6BF9FEF222F266100DFCE8C /* Purchase+convenience.swift */ = {isa = PBXFileReference; lastKnownFileType = sourcecode.swift; path = "Purchase+convenience.swift"; sourceTree = "<group>"; };
		B6BF9FF1222F315D00DFCE8C /* Purchase+MagicStrings.swift */ = {isa = PBXFileReference; lastKnownFileType = sourcecode.swift; path = "Purchase+MagicStrings.swift"; sourceTree = "<group>"; };
		B6BF9FF4222F322300DFCE8C /* CloudKit.framework */ = {isa = PBXFileReference; lastKnownFileType = wrapper.framework; name = CloudKit.framework; path = System/Library/Frameworks/CloudKit.framework; sourceTree = SDKROOT; };
		B6BF9FF6222F3FDA00DFCE8C /* PurchaseController.swift */ = {isa = PBXFileReference; lastKnownFileType = sourcecode.swift; path = PurchaseController.swift; sourceTree = "<group>"; };
		B6C87A7B225D38CA00086F3B /* SettingsViewController.swift */ = {isa = PBXFileReference; lastKnownFileType = sourcecode.swift; path = SettingsViewController.swift; sourceTree = "<group>"; };
		B6D7D3C3225E4934005EF44C /* Notification+Extension.swift */ = {isa = PBXFileReference; lastKnownFileType = sourcecode.swift; path = "Notification+Extension.swift"; sourceTree = "<group>"; };
		B6DE00AE223030F400C76A40 /* CoreDataController.swift */ = {isa = PBXFileReference; lastKnownFileType = sourcecode.swift; path = CoreDataController.swift; sourceTree = "<group>"; };
		B6DE00B02230345600C76A40 /* CloudKitController.swift */ = {isa = PBXFileReference; lastKnownFileType = sourcecode.swift; path = CloudKitController.swift; sourceTree = "<group>"; };
		B6E3329E2234CAD80088D6FF /* PurchaseMethod+convenience.swift */ = {isa = PBXFileReference; lastKnownFileType = sourcecode.swift; path = "PurchaseMethod+convenience.swift"; sourceTree = "<group>"; };
		B6E332A02234CBFA0088D6FF /* PurchaseMethod+MagicStrings.swift */ = {isa = PBXFileReference; lastKnownFileType = sourcecode.swift; path = "PurchaseMethod+MagicStrings.swift"; sourceTree = "<group>"; };
		B6E332A32234CD5F0088D6FF /* PurchaseMethodController.swift */ = {isa = PBXFileReference; lastKnownFileType = sourcecode.swift; path = PurchaseMethodController.swift; sourceTree = "<group>"; };
		B6EA85C022322C8900211068 /* CachePurchase+convenience.swift */ = {isa = PBXFileReference; lastKnownFileType = sourcecode.swift; path = "CachePurchase+convenience.swift"; sourceTree = "<group>"; };
		B6EA85C222323B7A00211068 /* CachePurchase+MagicStrings.swift */ = {isa = PBXFileReference; lastKnownFileType = sourcecode.swift; path = "CachePurchase+MagicStrings.swift"; sourceTree = "<group>"; };
		B6EA85F2223316C200211068 /* CloudKitController+MagicStrings.swift */ = {isa = PBXFileReference; lastKnownFileType = sourcecode.swift; path = "CloudKitController+MagicStrings.swift"; sourceTree = "<group>"; };
		B6EAF4ED225BA453002C783D /* CategoryController.swift */ = {isa = PBXFileReference; lastKnownFileType = sourcecode.swift; path = CategoryController.swift; sourceTree = "<group>"; };
		B6EF3BEC225514340009BC2A /* Ledger+MagicStrings.swift */ = {isa = PBXFileReference; lastKnownFileType = sourcecode.swift; path = "Ledger+MagicStrings.swift"; sourceTree = "<group>"; };
/* End PBXFileReference section */

/* Begin PBXFrameworksBuildPhase section */
		B6BF9FCC222F160300DFCE8C /* Frameworks */ = {
			isa = PBXFrameworksBuildPhase;
			buildActionMask = 2147483647;
			files = (
				B6BF9FF5222F322300DFCE8C /* CloudKit.framework in Frameworks */,
			);
			runOnlyForDeploymentPostprocessing = 0;
		};
/* End PBXFrameworksBuildPhase section */

/* Begin PBXGroup section */
		B6920AD42231796700A63EC8 /* ViewController */ = {
			isa = PBXGroup;
			children = (
				B69D87F622555CD60019E694 /* PurchaseListViewController.swift */,
				B69D87F822555CEC0019E694 /* AddPurchaseViewController.swift */,
				B6C87A7B225D38CA00086F3B /* SettingsViewController.swift */,
			);
			path = ViewController;
			sourceTree = "<group>";
		};
		B6BF9FC6222F160200DFCE8C = {
			isa = PBXGroup;
			children = (
				B6BF9FD1222F160300DFCE8C /* CheckBook */,
				B6BF9FD0222F160300DFCE8C /* Products */,
				B6BF9FF3222F322300DFCE8C /* Frameworks */,
			);
			sourceTree = "<group>";
		};
		B6BF9FD0222F160300DFCE8C /* Products */ = {
			isa = PBXGroup;
			children = (
				B6BF9FCF222F160300DFCE8C /* CheckBook.app */,
			);
			name = Products;
			sourceTree = "<group>";
		};
		B6BF9FD1222F160300DFCE8C /* CheckBook */ = {
			isa = PBXGroup;
			children = (
				B6BF9FEC222F236E00DFCE8C /* CheckBook.entitlements */,
				B6BF9FD2222F160300DFCE8C /* AppDelegate.swift */,
				B6BF9FE9222F187F00DFCE8C /* Model */,
				B6BF9FE5222F163200DFCE8C /* View */,
				B6BF9FF9222F3FF000DFCE8C /* Controller */,
				B6BF9FE4222F162200DFCE8C /* Resources */,
				B691DACE225BB73E00245BB2 /* UIViewController+Alerts.swift */,
				B6D7D3C3225E4934005EF44C /* Notification+Extension.swift */,
			);
			path = CheckBook;
			sourceTree = "<group>";
		};
		B6BF9FE4222F162200DFCE8C /* Resources */ = {
			isa = PBXGroup;
			children = (
				B6BF9FD9222F160700DFCE8C /* Assets.xcassets */,
				B6BF9FDB222F160700DFCE8C /* LaunchScreen.storyboard */,
				B6BF9FDE222F160700DFCE8C /* Info.plist */,
			);
			path = Resources;
			sourceTree = "<group>";
		};
		B6BF9FE5222F163200DFCE8C /* View */ = {
			isa = PBXGroup;
			children = (
				B69D87F4225554D60019E694 /* Main.storyboard */,
				B652BD65225810440066AD8A /* PurchaseTableViewCell.swift */,
				B63871CB225D3FBB00BAE0D9 /* SettingsTableViewCell.swift */,
			);
			path = View;
			sourceTree = "<group>";
		};
		B6BF9FE9222F187F00DFCE8C /* Model */ = {
			isa = PBXGroup;
			children = (
				B6BF9FED222F257300DFCE8C /* CoreDataStack.swift */,
				B6BF9FE6222F187600DFCE8C /* CheckBook.xcdatamodeld */,
				B6BF9FEF222F266100DFCE8C /* Purchase+convenience.swift */,
				B6EA85C022322C8900211068 /* CachePurchase+convenience.swift */,
				B6E3329E2234CAD80088D6FF /* PurchaseMethod+convenience.swift */,
				B6A7E2232255136C0078174E /* Ledger+convenience.swift */,
				B681ED93225BA2E000B64623 /* Category+convenience.swift */,
				B63871C9225D3B6E00BAE0D9 /* Setting.swift */,
				B6E332A22234CC0D0088D6FF /* MagicStrings */,
			);
			path = Model;
			sourceTree = "<group>";
		};
		B6BF9FF3222F322300DFCE8C /* Frameworks */ = {
			isa = PBXGroup;
			children = (
				B6BF9FF4222F322300DFCE8C /* CloudKit.framework */,
			);
			name = Frameworks;
			sourceTree = "<group>";
		};
		B6BF9FF8222F3FDF00DFCE8C /* ModelController */ = {
			isa = PBXGroup;
			children = (
				B6BF9FF6222F3FDA00DFCE8C /* PurchaseController.swift */,
				B6E332A32234CD5F0088D6FF /* PurchaseMethodController.swift */,
				B674FB0722580BD3000A5815 /* LedgerController.swift */,
				B6EAF4ED225BA453002C783D /* CategoryController.swift */,
				B6DE00AE223030F400C76A40 /* CoreDataController.swift */,
				B6DE00B02230345600C76A40 /* CloudKitController.swift */,
				B6EA85F2223316C200211068 /* CloudKitController+MagicStrings.swift */,
				B6920AD0223045D000A63EC8 /* SyncController.swift */,
			);
			path = ModelController;
			sourceTree = "<group>";
		};
		B6BF9FF9222F3FF000DFCE8C /* Controller */ = {
			isa = PBXGroup;
			children = (
				B6BF9FF8222F3FDF00DFCE8C /* ModelController */,
				B6920AD42231796700A63EC8 /* ViewController */,
			);
			path = Controller;
			sourceTree = "<group>";
		};
		B6E332A22234CC0D0088D6FF /* MagicStrings */ = {
			isa = PBXGroup;
			children = (
				B6BF9FF1222F315D00DFCE8C /* Purchase+MagicStrings.swift */,
				B6EA85C222323B7A00211068 /* CachePurchase+MagicStrings.swift */,
				B6E332A02234CBFA0088D6FF /* PurchaseMethod+MagicStrings.swift */,
				B681ED95225BA32800B64623 /* Category+MagicStrings.swift */,
				B6EF3BEC225514340009BC2A /* Ledger+MagicStrings.swift */,
			);
			path = MagicStrings;
			sourceTree = "<group>";
		};
/* End PBXGroup section */

/* Begin PBXNativeTarget section */
		B6BF9FCE222F160300DFCE8C /* CheckBook */ = {
			isa = PBXNativeTarget;
			buildConfigurationList = B6BF9FE1222F160700DFCE8C /* Build configuration list for PBXNativeTarget "CheckBook" */;
			buildPhases = (
				B6BF9FCB222F160300DFCE8C /* Sources */,
				B6BF9FCC222F160300DFCE8C /* Frameworks */,
				B6BF9FCD222F160300DFCE8C /* Resources */,
			);
			buildRules = (
			);
			dependencies = (
			);
			name = CheckBook;
			productName = CheckBook;
			productReference = B6BF9FCF222F160300DFCE8C /* CheckBook.app */;
			productType = "com.apple.product-type.application";
		};
/* End PBXNativeTarget section */

/* Begin PBXProject section */
		B6BF9FC7222F160200DFCE8C /* Project object */ = {
			isa = PBXProject;
			attributes = {
				LastSwiftUpdateCheck = 1010;
				LastUpgradeCheck = 1010;
				ORGANIZATIONNAME = "Dominic Lanzillotta";
				TargetAttributes = {
					B6BF9FCE222F160300DFCE8C = {
						CreatedOnToolsVersion = 10.1;
						SystemCapabilities = {
							com.apple.ApplicationGroups.iOS = {
								enabled = 1;
							};
							com.apple.Push = {
								enabled = 1;
							};
							com.apple.iCloud = {
								enabled = 1;
							};
						};
					};
				};
			};
			buildConfigurationList = B6BF9FCA222F160200DFCE8C /* Build configuration list for PBXProject "CheckBook" */;
			compatibilityVersion = "Xcode 9.3";
			developmentRegion = en;
			hasScannedForEncodings = 0;
			knownRegions = (
				en,
				Base,
			);
			mainGroup = B6BF9FC6222F160200DFCE8C;
			productRefGroup = B6BF9FD0222F160300DFCE8C /* Products */;
			projectDirPath = "";
			projectRoot = "";
			targets = (
				B6BF9FCE222F160300DFCE8C /* CheckBook */,
			);
		};
/* End PBXProject section */

/* Begin PBXResourcesBuildPhase section */
		B6BF9FCD222F160300DFCE8C /* Resources */ = {
			isa = PBXResourcesBuildPhase;
			buildActionMask = 2147483647;
			files = (
				B69D87F5225554D60019E694 /* Main.storyboard in Resources */,
				B6BF9FDD222F160700DFCE8C /* LaunchScreen.storyboard in Resources */,
				B6BF9FDA222F160700DFCE8C /* Assets.xcassets in Resources */,
			);
			runOnlyForDeploymentPostprocessing = 0;
		};
/* End PBXResourcesBuildPhase section */

/* Begin PBXSourcesBuildPhase section */
		B6BF9FCB222F160300DFCE8C /* Sources */ = {
			isa = PBXSourcesBuildPhase;
			buildActionMask = 2147483647;
			files = (
				B6BF9FEE222F257300DFCE8C /* CoreDataStack.swift in Sources */,
				B681ED96225BA32800B64623 /* Category+MagicStrings.swift in Sources */,
				B681ED94225BA2E000B64623 /* Category+convenience.swift in Sources */,
				B6EA85F3223316C200211068 /* CloudKitController+MagicStrings.swift in Sources */,
				B6D7D3C4225E4934005EF44C /* Notification+Extension.swift in Sources */,
				B69D87F722555CD60019E694 /* PurchaseListViewController.swift in Sources */,
				B6EAF4EE225BA453002C783D /* CategoryController.swift in Sources */,
				B6EA85C122322C8900211068 /* CachePurchase+convenience.swift in Sources */,
				B6BF9FE8222F187600DFCE8C /* CheckBook.xcdatamodeld in Sources */,
				B691DACF225BB73E00245BB2 /* UIViewController+Alerts.swift in Sources */,
				B6BF9FF2222F315D00DFCE8C /* Purchase+MagicStrings.swift in Sources */,
				B6920AD1223045D000A63EC8 /* SyncController.swift in Sources */,
				B6DE00AF223030F400C76A40 /* CoreDataController.swift in Sources */,
				B6EA85C322323B7A00211068 /* CachePurchase+MagicStrings.swift in Sources */,
				B69D87F922555CEC0019E694 /* AddPurchaseViewController.swift in Sources */,
				B6BF9FD3222F160300DFCE8C /* AppDelegate.swift in Sources */,
				B6E332A42234CD5F0088D6FF /* PurchaseMethodController.swift in Sources */,
				B674FB0822580BD3000A5815 /* LedgerController.swift in Sources */,
				B652BD66225810440066AD8A /* PurchaseTableViewCell.swift in Sources */,
				B63871CC225D3FBB00BAE0D9 /* SettingsTableViewCell.swift in Sources */,
				B6E332A12234CBFB0088D6FF /* PurchaseMethod+MagicStrings.swift in Sources */,
				B6E3329F2234CAD80088D6FF /* PurchaseMethod+convenience.swift in Sources */,
				B6BF9FF7222F3FDA00DFCE8C /* PurchaseController.swift in Sources */,
				B6DE00B12230345600C76A40 /* CloudKitController.swift in Sources */,
				B6A7E2242255136C0078174E /* Ledger+convenience.swift in Sources */,
				B6C87A7C225D38CB00086F3B /* SettingsViewController.swift in Sources */,
				B63871CA225D3B6E00BAE0D9 /* Setting.swift in Sources */,
				B6EF3BED225514340009BC2A /* Ledger+MagicStrings.swift in Sources */,
				B6BF9FF0222F266100DFCE8C /* Purchase+convenience.swift in Sources */,
			);
			runOnlyForDeploymentPostprocessing = 0;
		};
/* End PBXSourcesBuildPhase section */

/* Begin PBXVariantGroup section */
		B6BF9FDB222F160700DFCE8C /* LaunchScreen.storyboard */ = {
			isa = PBXVariantGroup;
			children = (
				B6BF9FDC222F160700DFCE8C /* Base */,
			);
			name = LaunchScreen.storyboard;
			sourceTree = "<group>";
		};
/* End PBXVariantGroup section */

/* Begin XCBuildConfiguration section */
		B6BF9FDF222F160700DFCE8C /* Debug */ = {
			isa = XCBuildConfiguration;
			buildSettings = {
				ALWAYS_SEARCH_USER_PATHS = NO;
				CLANG_ANALYZER_NONNULL = YES;
				CLANG_ANALYZER_NUMBER_OBJECT_CONVERSION = YES_AGGRESSIVE;
				CLANG_CXX_LANGUAGE_STANDARD = "gnu++14";
				CLANG_CXX_LIBRARY = "libc++";
				CLANG_ENABLE_MODULES = YES;
				CLANG_ENABLE_OBJC_ARC = YES;
				CLANG_ENABLE_OBJC_WEAK = YES;
				CLANG_WARN_BLOCK_CAPTURE_AUTORELEASING = YES;
				CLANG_WARN_BOOL_CONVERSION = YES;
				CLANG_WARN_COMMA = YES;
				CLANG_WARN_CONSTANT_CONVERSION = YES;
				CLANG_WARN_DEPRECATED_OBJC_IMPLEMENTATIONS = YES;
				CLANG_WARN_DIRECT_OBJC_ISA_USAGE = YES_ERROR;
				CLANG_WARN_DOCUMENTATION_COMMENTS = YES;
				CLANG_WARN_EMPTY_BODY = YES;
				CLANG_WARN_ENUM_CONVERSION = YES;
				CLANG_WARN_INFINITE_RECURSION = YES;
				CLANG_WARN_INT_CONVERSION = YES;
				CLANG_WARN_NON_LITERAL_NULL_CONVERSION = YES;
				CLANG_WARN_OBJC_IMPLICIT_RETAIN_SELF = YES;
				CLANG_WARN_OBJC_LITERAL_CONVERSION = YES;
				CLANG_WARN_OBJC_ROOT_CLASS = YES_ERROR;
				CLANG_WARN_RANGE_LOOP_ANALYSIS = YES;
				CLANG_WARN_STRICT_PROTOTYPES = YES;
				CLANG_WARN_SUSPICIOUS_MOVE = YES;
				CLANG_WARN_UNGUARDED_AVAILABILITY = YES_AGGRESSIVE;
				CLANG_WARN_UNREACHABLE_CODE = YES;
				CLANG_WARN__DUPLICATE_METHOD_MATCH = YES;
				CODE_SIGN_IDENTITY = "iPhone Developer";
				COPY_PHASE_STRIP = NO;
				DEBUG_INFORMATION_FORMAT = dwarf;
				DEFINES_MODULE = NO;
				ENABLE_STRICT_OBJC_MSGSEND = YES;
				ENABLE_TESTABILITY = YES;
				GCC_C_LANGUAGE_STANDARD = gnu11;
				GCC_DYNAMIC_NO_PIC = NO;
				GCC_NO_COMMON_BLOCKS = YES;
				GCC_OPTIMIZATION_LEVEL = 0;
				GCC_PREPROCESSOR_DEFINITIONS = (
					"DEBUG=1",
					"$(inherited)",
				);
				GCC_WARN_64_TO_32_BIT_CONVERSION = YES;
				GCC_WARN_ABOUT_RETURN_TYPE = YES_ERROR;
				GCC_WARN_UNDECLARED_SELECTOR = YES;
				GCC_WARN_UNINITIALIZED_AUTOS = YES_AGGRESSIVE;
				GCC_WARN_UNUSED_FUNCTION = YES;
				GCC_WARN_UNUSED_VARIABLE = YES;
				IPHONEOS_DEPLOYMENT_TARGET = 12.1;
				MTL_ENABLE_DEBUG_INFO = INCLUDE_SOURCE;
				MTL_FAST_MATH = YES;
				ONLY_ACTIVE_ARCH = YES;
				SDKROOT = iphoneos;
				SWIFT_ACTIVE_COMPILATION_CONDITIONS = DEBUG;
				SWIFT_OPTIMIZATION_LEVEL = "-Onone";
			};
			name = Debug;
		};
		B6BF9FE0222F160700DFCE8C /* Release */ = {
			isa = XCBuildConfiguration;
			buildSettings = {
				ALWAYS_SEARCH_USER_PATHS = NO;
				CLANG_ANALYZER_NONNULL = YES;
				CLANG_ANALYZER_NUMBER_OBJECT_CONVERSION = YES_AGGRESSIVE;
				CLANG_CXX_LANGUAGE_STANDARD = "gnu++14";
				CLANG_CXX_LIBRARY = "libc++";
				CLANG_ENABLE_MODULES = YES;
				CLANG_ENABLE_OBJC_ARC = YES;
				CLANG_ENABLE_OBJC_WEAK = YES;
				CLANG_WARN_BLOCK_CAPTURE_AUTORELEASING = YES;
				CLANG_WARN_BOOL_CONVERSION = YES;
				CLANG_WARN_COMMA = YES;
				CLANG_WARN_CONSTANT_CONVERSION = YES;
				CLANG_WARN_DEPRECATED_OBJC_IMPLEMENTATIONS = YES;
				CLANG_WARN_DIRECT_OBJC_ISA_USAGE = YES_ERROR;
				CLANG_WARN_DOCUMENTATION_COMMENTS = YES;
				CLANG_WARN_EMPTY_BODY = YES;
				CLANG_WARN_ENUM_CONVERSION = YES;
				CLANG_WARN_INFINITE_RECURSION = YES;
				CLANG_WARN_INT_CONVERSION = YES;
				CLANG_WARN_NON_LITERAL_NULL_CONVERSION = YES;
				CLANG_WARN_OBJC_IMPLICIT_RETAIN_SELF = YES;
				CLANG_WARN_OBJC_LITERAL_CONVERSION = YES;
				CLANG_WARN_OBJC_ROOT_CLASS = YES_ERROR;
				CLANG_WARN_RANGE_LOOP_ANALYSIS = YES;
				CLANG_WARN_STRICT_PROTOTYPES = YES;
				CLANG_WARN_SUSPICIOUS_MOVE = YES;
				CLANG_WARN_UNGUARDED_AVAILABILITY = YES_AGGRESSIVE;
				CLANG_WARN_UNREACHABLE_CODE = YES;
				CLANG_WARN__DUPLICATE_METHOD_MATCH = YES;
				CODE_SIGN_IDENTITY = "iPhone Developer";
				COPY_PHASE_STRIP = NO;
				DEBUG_INFORMATION_FORMAT = "dwarf-with-dsym";
				DEFINES_MODULE = NO;
				ENABLE_NS_ASSERTIONS = NO;
				ENABLE_STRICT_OBJC_MSGSEND = YES;
				GCC_C_LANGUAGE_STANDARD = gnu11;
				GCC_NO_COMMON_BLOCKS = YES;
				GCC_WARN_64_TO_32_BIT_CONVERSION = YES;
				GCC_WARN_ABOUT_RETURN_TYPE = YES_ERROR;
				GCC_WARN_UNDECLARED_SELECTOR = YES;
				GCC_WARN_UNINITIALIZED_AUTOS = YES_AGGRESSIVE;
				GCC_WARN_UNUSED_FUNCTION = YES;
				GCC_WARN_UNUSED_VARIABLE = YES;
				IPHONEOS_DEPLOYMENT_TARGET = 12.1;
				MTL_ENABLE_DEBUG_INFO = NO;
				MTL_FAST_MATH = YES;
				SDKROOT = iphoneos;
				SWIFT_COMPILATION_MODE = wholemodule;
				SWIFT_OPTIMIZATION_LEVEL = "-O";
				VALIDATE_PRODUCT = YES;
			};
			name = Release;
		};
		B6BF9FE2222F160700DFCE8C /* Debug */ = {
			isa = XCBuildConfiguration;
			buildSettings = {
				ASSETCATALOG_COMPILER_APPICON_NAME = AppIcon;
				CODE_SIGN_ENTITLEMENTS = CheckBook/CheckBook.entitlements;
				CODE_SIGN_STYLE = Automatic;
				DEVELOPMENT_TEAM = J6B8ZX28ZW;
				INFOPLIST_FILE = "$(SRCROOT)/CheckBook/Resources/Info.plist";
				LD_RUNPATH_SEARCH_PATHS = (
					"$(inherited)",
					"@executable_path/Frameworks",
				);
				PRODUCT_BUNDLE_IDENTIFIER = oskman.CheckBook;
				PRODUCT_NAME = "$(TARGET_NAME)";
				SWIFT_VERSION = 4.2;
				TARGETED_DEVICE_FAMILY = 1;
			};
			name = Debug;
		};
		B6BF9FE3222F160700DFCE8C /* Release */ = {
			isa = XCBuildConfiguration;
			buildSettings = {
				ASSETCATALOG_COMPILER_APPICON_NAME = AppIcon;
				CODE_SIGN_ENTITLEMENTS = CheckBook/CheckBook.entitlements;
				CODE_SIGN_STYLE = Automatic;
				DEVELOPMENT_TEAM = J6B8ZX28ZW;
				INFOPLIST_FILE = "$(SRCROOT)/CheckBook/Resources/Info.plist";
				LD_RUNPATH_SEARCH_PATHS = (
					"$(inherited)",
					"@executable_path/Frameworks",
				);
				PRODUCT_BUNDLE_IDENTIFIER = oskman.CheckBook;
				PRODUCT_NAME = "$(TARGET_NAME)";
				SWIFT_VERSION = 4.2;
				TARGETED_DEVICE_FAMILY = 1;
			};
			name = Release;
		};
/* End XCBuildConfiguration section */

/* Begin XCConfigurationList section */
		B6BF9FCA222F160200DFCE8C /* Build configuration list for PBXProject "CheckBook" */ = {
			isa = XCConfigurationList;
			buildConfigurations = (
				B6BF9FDF222F160700DFCE8C /* Debug */,
				B6BF9FE0222F160700DFCE8C /* Release */,
			);
			defaultConfigurationIsVisible = 0;
			defaultConfigurationName = Release;
		};
		B6BF9FE1222F160700DFCE8C /* Build configuration list for PBXNativeTarget "CheckBook" */ = {
			isa = XCConfigurationList;
			buildConfigurations = (
				B6BF9FE2222F160700DFCE8C /* Debug */,
				B6BF9FE3222F160700DFCE8C /* Release */,
			);
			defaultConfigurationIsVisible = 0;
			defaultConfigurationName = Release;
		};
/* End XCConfigurationList section */

/* Begin XCVersionGroup section */
		B6BF9FE6222F187600DFCE8C /* CheckBook.xcdatamodeld */ = {
			isa = XCVersionGroup;
			children = (
				B6BF9FE7222F187600DFCE8C /* Entry.xcdatamodel */,
			);
			currentVersion = B6BF9FE7222F187600DFCE8C /* Entry.xcdatamodel */;
			path = CheckBook.xcdatamodeld;
			sourceTree = "<group>";
			versionGroupType = wrapper.xcdatamodel;
		};
/* End XCVersionGroup section */
	};
	rootObject = B6BF9FC7222F160200DFCE8C /* Project object */;
}
